
Microsoft Visual Studio Solution File, Format Version 12.00
# Visual Studio 15
VisualStudioVersion = 15.0.27428.2043
MinimumVisualStudioVersion = 10.0.40219.1
Project("{8BC9CEB8-8B4A-11D0-8D11-00A0C91BC942}") = "AlfiEngine", "AlfiEngine.vcxproj", "{FC96306F-91CF-429A-B99D-21A3BDA36F30}"
EndProject
Global
	GlobalSection(SolutionConfigurationPlatforms) = preSolution
		Debug|x86 = Debug|x86
		Release|x86 = Release|x86
	EndGlobalSection
	GlobalSection(ProjectConfigurationPlatforms) = postSolution
		{FC96306F-91CF-429A-B99D-21A3BDA36F30}.Debug|x86.ActiveCfg = Debug|Win32
		{FC96306F-91CF-429A-B99D-21A3BDA36F30}.Debug|x86.Build.0 = Debug|Win32
		{FC96306F-91CF-429A-B99D-21A3BDA36F30}.Release|x86.ActiveCfg = Release|Win32
		{FC96306F-91CF-429A-B99D-21A3BDA36F30}.Release|x86.Build.0 = Release|Win32
	EndGlobalSection
	GlobalSection(SolutionProperties) = preSolution
		HideSolutionNode = FALSE
	EndGlobalSection
	GlobalSection(ExtensibilityGlobals) = postSolution
		SolutionGuid = {0696CF75-3071-43E0-ACCC-88D9FA55BF1F}
	EndGlobalSection
EndGlobal
